{
  "version": 4,
  "terraform_version": "1.0.9",
  "serial": 18,
  "lineage": "e45e3cf7-28da-93af-ec60-13210f7e53b4",
  "outputs": {
    "function_app_default_hostname": {
      "value": "woodruff-dev-function-app.azurewebsites.net",
      "type": "string"
    },
    "function_app_name": {
      "value": "woodruff-dev-function-app",
      "type": "string"
    }
  },
  "resources": [
    {
      "mode": "managed",
      "type": "azurerm_app_service_plan",
      "name": "app_service_plan",
      "provider": "provider[\"registry.terraform.io/hashicorp/azurerm\"]",
      "instances": [
        {
          "schema_version": 0,
          "attributes": {
            "app_service_environment_id": "",
            "id": "/subscriptions/79e6e754-9edc-490d-a309-b65afe3fefa1/resourceGroups/woodruff-dev-resource-group/providers/Microsoft.Web/serverfarms/woodruff-dev-app-service-plan",
            "is_xenon": false,
            "kind": "functionapp",
            "location": "eastus",
            "maximum_elastic_worker_count": 1,
            "maximum_number_of_workers": 0,
            "name": "woodruff-dev-app-service-plan",
            "per_site_scaling": false,
            "reserved": false,
            "resource_group_name": "woodruff-dev-resource-group",
            "sku": [
              {
                "capacity": 0,
                "size": "Y1",
                "tier": "Dynamic"
              }
            ],
            "tags": null,
            "timeouts": null,
            "zone_redundant": false
          },
          "sensitive_attributes": [],
          "private": "eyJlMmJmYjczMC1lY2FhLTExZTYtOGY4OC0zNDM2M2JjN2M0YzAiOnsiY3JlYXRlIjozNjAwMDAwMDAwMDAwLCJkZWxldGUiOjM2MDAwMDAwMDAwMDAsInJlYWQiOjMwMDAwMDAwMDAwMCwidXBkYXRlIjozNjAwMDAwMDAwMDAwfX0=",
          "dependencies": [
            "azurerm_resource_group.resource_group"
          ]
        }
      ]
    },
    {
      "mode": "managed",
      "type": "azurerm_application_insights",
      "name": "application_insights",
      "provider": "provider[\"registry.terraform.io/hashicorp/azurerm\"]",
      "instances": [
        {
          "schema_version": 0,
          "attributes": {
            "app_id": "17092883-dd06-4173-9bae-3a678deed93b",
            "application_type": "web",
            "connection_string": "InstrumentationKey=dda0e50c-8506-4fa7-9348-96cb7598c39e;IngestionEndpoint=https://eastus-0.in.applicationinsights.azure.com/",
            "daily_data_cap_in_gb": 100,
            "daily_data_cap_notifications_disabled": false,
            "disable_ip_masking": false,
            "id": "/subscriptions/79e6e754-9edc-490d-a309-b65afe3fefa1/resourceGroups/woodruff-dev-resource-group/providers/microsoft.insights/components/woodruff-dev-application-insights",
            "instrumentation_key": "dda0e50c-8506-4fa7-9348-96cb7598c39e",
            "local_authentication_disabled": false,
            "location": "eastus",
            "name": "woodruff-dev-application-insights",
            "resource_group_name": "woodruff-dev-resource-group",
            "retention_in_days": 90,
            "sampling_percentage": 100,
            "tags": null,
            "timeouts": null,
            "workspace_id": null
          },
          "sensitive_attributes": [],
          "private": "eyJlMmJmYjczMC1lY2FhLTExZTYtOGY4OC0zNDM2M2JjN2M0YzAiOnsiY3JlYXRlIjoxODAwMDAwMDAwMDAwLCJkZWxldGUiOjE4MDAwMDAwMDAwMDAsInJlYWQiOjMwMDAwMDAwMDAwMCwidXBkYXRlIjoxODAwMDAwMDAwMDAwfX0=",
          "dependencies": [
            "azurerm_resource_group.resource_group"
          ]
        }
      ]
    },
    {
      "mode": "managed",
      "type": "azurerm_function_app",
      "name": "function_app",
      "provider": "provider[\"registry.terraform.io/hashicorp/azurerm\"]",
      "instances": [
        {
          "schema_version": 0,
          "attributes": {
            "app_service_plan_id": "/subscriptions/79e6e754-9edc-490d-a309-b65afe3fefa1/resourceGroups/woodruff-dev-resource-group/providers/Microsoft.Web/serverfarms/woodruff-dev-app-service-plan",
            "app_settings": {},
            "auth_settings": [
              {
                "active_directory": [],
                "additional_login_params": {},
                "allowed_external_redirect_urls": [],
                "default_provider": "",
                "enabled": false,
                "facebook": [],
                "google": [],
                "issuer": "",
                "microsoft": [],
                "runtime_version": "",
                "token_refresh_extension_hours": 0,
                "token_store_enabled": false,
                "twitter": [],
                "unauthenticated_client_action": ""
              }
            ],
            "client_affinity_enabled": false,
            "client_cert_mode": "",
            "connection_string": [],
            "custom_domain_verification_id": "FEC53FFF597077055F5966C8CC9795CEFF0B0BBD31F638A16EEDE41DBB0276E8",
            "daily_memory_time_quota": 0,
            "default_hostname": "woodruff-dev-function-app.azurewebsites.net",
            "enable_builtin_logging": true,
            "enabled": true,
            "https_only": false,
            "id": "/subscriptions/79e6e754-9edc-490d-a309-b65afe3fefa1/resourceGroups/woodruff-dev-resource-group/providers/Microsoft.Web/sites/woodruff-dev-function-app",
            "identity": [],
            "kind": "functionapp",
            "location": "eastus",
            "name": "woodruff-dev-function-app",
            "os_type": "",
            "outbound_ip_addresses": "52.152.200.64,52.152.201.54,52.152.202.167,52.152.204.159,52.152.205.141,52.152.207.74,20.49.104.26",
            "possible_outbound_ip_addresses": "52.152.200.64,52.152.201.54,52.152.202.167,52.152.204.159,52.152.205.141,52.152.207.74,52.152.207.222,52.152.207.253,52.186.32.210,52.186.32.231,52.186.33.81,52.186.33.122,52.186.33.178,52.186.34.140,52.186.34.255,52.186.35.38,52.186.35.47,52.186.35.141,52.186.35.160,52.186.35.176,52.186.35.193,52.186.36.121,52.186.36.212,52.186.36.240,52.186.38.57,52.186.38.59,52.186.38.92,52.149.184.34,52.186.38.96,52.186.38.134,20.49.104.26",
            "resource_group_name": "woodruff-dev-resource-group",
            "site_config": [
              {
                "always_on": false,
                "app_scale_limit": 200,
                "auto_swap_slot_name": "",
                "cors": [],
                "dotnet_framework_version": "v4.0",
                "elastic_instance_minimum": 0,
                "ftps_state": "AllAllowed",
                "health_check_path": "",
                "http2_enabled": false,
                "ip_restriction": [],
                "java_version": "",
                "linux_fx_version": "",
                "min_tls_version": "1.2",
                "pre_warmed_instance_count": 0,
                "runtime_scale_monitoring_enabled": false,
                "scm_ip_restriction": [],
                "scm_type": "None",
                "scm_use_main_ip_restriction": false,
                "use_32_bit_worker_process": true,
                "vnet_route_all_enabled": false,
                "websockets_enabled": false
              }
            ],
            "site_credential": [
              {
                "password": "1KfeXaQbG1SWl2oYyk3xXWte8uldKZcysxJpcdD8yhE5xyK9NnLdsncoMlCB",
                "username": "$woodruff-dev-function-app"
              }
            ],
            "source_control": [
              {
                "branch": "master",
                "manual_integration": false,
                "repo_url": "",
                "rollback_enabled": false,
                "use_mercurial": false
              }
            ],
            "storage_account_access_key": "vS6Ihrsko9WhbBntxmhvdjsnuiKpdaqr7+0x3ErLJj4OGptrGU4hzLyBhNNarVEhvcLbqvcDu30hDMXx7YZHJw==",
            "storage_account_name": "woodruffdevstorage",
            "storage_connection_string": "DefaultEndpointsProtocol=https;AccountName=woodruffdevstorage;AccountKey=vS6Ihrsko9WhbBntxmhvdjsnuiKpdaqr7+0x3ErLJj4OGptrGU4hzLyBhNNarVEhvcLbqvcDu30hDMXx7YZHJw==;EndpointSuffix=core.windows.net",
            "tags": null,
            "timeouts": null,
            "version": "~3"
          },
          "sensitive_attributes": [
            [
              {
                "type": "get_attr",
                "value": "storage_account_access_key"
              }
            ]
          ],
          "private": "eyJlMmJmYjczMC1lY2FhLTExZTYtOGY4OC0zNDM2M2JjN2M0YzAiOnsiY3JlYXRlIjoxODAwMDAwMDAwMDAwLCJkZWxldGUiOjE4MDAwMDAwMDAwMDAsInJlYWQiOjMwMDAwMDAwMDAwMCwidXBkYXRlIjoxODAwMDAwMDAwMDAwfX0=",
          "dependencies": [
            "azurerm_app_service_plan.app_service_plan",
            "azurerm_resource_group.resource_group",
            "azurerm_storage_account.storage_account"
          ]
        }
      ]
    },
    {
      "mode": "managed",
      "type": "azurerm_resource_group",
      "name": "resource_group",
      "provider": "provider[\"registry.terraform.io/hashicorp/azurerm\"]",
      "instances": [
        {
          "schema_version": 0,
          "attributes": {
            "id": "/subscriptions/79e6e754-9edc-490d-a309-b65afe3fefa1/resourceGroups/woodruff-dev-resource-group",
            "location": "eastus",
            "name": "woodruff-dev-resource-group",
            "tags": null,
            "timeouts": null
          },
          "sensitive_attributes": [],
          "private": "eyJlMmJmYjczMC1lY2FhLTExZTYtOGY4OC0zNDM2M2JjN2M0YzAiOnsiY3JlYXRlIjo1NDAwMDAwMDAwMDAwLCJkZWxldGUiOjU0MDAwMDAwMDAwMDAsInJlYWQiOjMwMDAwMDAwMDAwMCwidXBkYXRlIjo1NDAwMDAwMDAwMDAwfX0="
        }
      ]
    },
    {
      "mode": "managed",
      "type": "azurerm_storage_account",
      "name": "storage_account",
      "provider": "provider[\"registry.terraform.io/hashicorp/azurerm\"]",
      "instances": [
        {
          "schema_version": 2,
          "attributes": {
            "access_tier": "Hot",
            "account_kind": "StorageV2",
            "account_replication_type": "LRS",
            "account_tier": "Standard",
            "allow_blob_public_access": false,
            "azure_files_authentication": [],
            "blob_properties": [
              {
                "change_feed_enabled": false,
                "container_delete_retention_policy": [],
                "cors_rule": [],
                "default_service_version": "",
                "delete_retention_policy": [],
                "last_access_time_enabled": false,
                "versioning_enabled": false
              }
            ],
            "custom_domain": [],
            "enable_https_traffic_only": true,
            "id": "/subscriptions/79e6e754-9edc-490d-a309-b65afe3fefa1/resourceGroups/woodruff-dev-resource-group/providers/Microsoft.Storage/storageAccounts/woodruffdevstorage",
            "identity": [],
            "is_hns_enabled": false,
            "large_file_share_enabled": null,
            "location": "eastus",
            "min_tls_version": "TLS1_0",
            "name": "woodruffdevstorage",
            "network_rules": [
              {
                "bypass": [
                  "AzureServices"
                ],
                "default_action": "Allow",
                "ip_rules": [],
                "private_link_access": [],
                "virtual_network_subnet_ids": []
              }
            ],
            "nfsv3_enabled": false,
            "primary_access_key": "vS6Ihrsko9WhbBntxmhvdjsnuiKpdaqr7+0x3ErLJj4OGptrGU4hzLyBhNNarVEhvcLbqvcDu30hDMXx7YZHJw==",
            "primary_blob_connection_string": "DefaultEndpointsProtocol=https;BlobEndpoint=https://woodruffdevstorage.blob.core.windows.net/;AccountName=woodruffdevstorage;AccountKey=vS6Ihrsko9WhbBntxmhvdjsnuiKpdaqr7+0x3ErLJj4OGptrGU4hzLyBhNNarVEhvcLbqvcDu30hDMXx7YZHJw==",
            "primary_blob_endpoint": "https://woodruffdevstorage.blob.core.windows.net/",
            "primary_blob_host": "woodruffdevstorage.blob.core.windows.net",
            "primary_connection_string": "DefaultEndpointsProtocol=https;AccountName=woodruffdevstorage;AccountKey=vS6Ihrsko9WhbBntxmhvdjsnuiKpdaqr7+0x3ErLJj4OGptrGU4hzLyBhNNarVEhvcLbqvcDu30hDMXx7YZHJw==;EndpointSuffix=core.windows.net",
            "primary_dfs_endpoint": "https://woodruffdevstorage.dfs.core.windows.net/",
            "primary_dfs_host": "woodruffdevstorage.dfs.core.windows.net",
            "primary_file_endpoint": "https://woodruffdevstorage.file.core.windows.net/",
            "primary_file_host": "woodruffdevstorage.file.core.windows.net",
            "primary_location": "eastus",
            "primary_queue_endpoint": "https://woodruffdevstorage.queue.core.windows.net/",
            "primary_queue_host": "woodruffdevstorage.queue.core.windows.net",
            "primary_table_endpoint": "https://woodruffdevstorage.table.core.windows.net/",
            "primary_table_host": "woodruffdevstorage.table.core.windows.net",
            "primary_web_endpoint": "https://woodruffdevstorage.z13.web.core.windows.net/",
            "primary_web_host": "woodruffdevstorage.z13.web.core.windows.net",
            "queue_properties": [
              {
                "cors_rule": [],
                "hour_metrics": [
                  {
                    "enabled": true,
                    "include_apis": true,
                    "retention_policy_days": 7,
                    "version": "1.0"
                  }
                ],
                "logging": [
                  {
                    "delete": false,
                    "read": false,
                    "retention_policy_days": 0,
                    "version": "1.0",
                    "write": false
                  }
                ],
                "minute_metrics": [
                  {
                    "enabled": false,
                    "include_apis": false,
                    "retention_policy_days": 0,
                    "version": "1.0"
                  }
                ]
              }
            ],
            "resource_group_name": "woodruff-dev-resource-group",
            "routing": [],
            "secondary_access_key": "87b62uKY5GYC59vudi6FSdz36uuDmgCrtdrbxguB14IeHoUOvCFt4fm9FSYHpqh9mvk92c34tWn6Jk70OK5ZEA==",
            "secondary_blob_connection_string": "",
            "secondary_blob_endpoint": null,
            "secondary_blob_host": null,
            "secondary_connection_string": "DefaultEndpointsProtocol=https;AccountName=woodruffdevstorage;AccountKey=87b62uKY5GYC59vudi6FSdz36uuDmgCrtdrbxguB14IeHoUOvCFt4fm9FSYHpqh9mvk92c34tWn6Jk70OK5ZEA==;EndpointSuffix=core.windows.net",
            "secondary_dfs_endpoint": null,
            "secondary_dfs_host": null,
            "secondary_file_endpoint": null,
            "secondary_file_host": null,
            "secondary_location": "",
            "secondary_queue_endpoint": null,
            "secondary_queue_host": null,
            "secondary_table_endpoint": null,
            "secondary_table_host": null,
            "secondary_web_endpoint": null,
            "secondary_web_host": null,
            "share_properties": [
              {
                "cors_rule": [],
                "retention_policy": [
                  {
                    "days": 7
                  }
                ],
                "smb": []
              }
            ],
            "shared_access_key_enabled": true,
            "static_website": [],
            "tags": null,
            "timeouts": null
          },
          "sensitive_attributes": [],
          "private": "eyJlMmJmYjczMC1lY2FhLTExZTYtOGY4OC0zNDM2M2JjN2M0YzAiOnsiY3JlYXRlIjozNjAwMDAwMDAwMDAwLCJkZWxldGUiOjM2MDAwMDAwMDAwMDAsInJlYWQiOjMwMDAwMDAwMDAwMCwidXBkYXRlIjozNjAwMDAwMDAwMDAwfSwic2NoZW1hX3ZlcnNpb24iOiIyIn0=",
          "dependencies": [
            "azurerm_resource_group.resource_group"
          ]
        }
      ]
    }
  ]
}
