{
  "version": 4,
  "terraform_version": "1.0.9",
  "serial": 17,
  "lineage": "1ad1b529-ae53-fc7c-341d-2858e9a7b7d9",
  "outputs": {},
  "resources": [
    {
      "mode": "managed",
      "type": "azurerm_app_service_plan",
      "name": "app_service_plan",
      "provider": "provider[\"registry.terraform.io/hashicorp/azurerm\"]",
      "instances": [
        {
          "schema_version": 0,
          "attributes": {
            "app_service_environment_id": "",
            "id": "/subscriptions/79e6e754-9edc-490d-a309-b65afe3fefa1/resourceGroups/woodruff-dev-resource-group/providers/Microsoft.Web/serverfarms/woodruff-dev-app-service-plan",
            "is_xenon": false,
            "kind": "functionapp",
            "location": "eastus",
            "maximum_elastic_worker_count": 1,
            "maximum_number_of_workers": 0,
            "name": "woodruff-dev-app-service-plan",
            "per_site_scaling": false,
            "reserved": false,
            "resource_group_name": "woodruff-dev-resource-group",
            "sku": [
              {
                "capacity": 0,
                "size": "Y1",
                "tier": "Dynamic"
              }
            ],
            "tags": {},
            "timeouts": {
              "create": null,
              "delete": null,
              "read": null,
              "update": null
            },
            "zone_redundant": false
          },
          "sensitive_attributes": [],
          "private": "eyJlMmJmYjczMC1lY2FhLTExZTYtOGY4OC0zNDM2M2JjN2M0YzAiOnsiY3JlYXRlIjozNjAwMDAwMDAwMDAwLCJkZWxldGUiOjM2MDAwMDAwMDAwMDAsInJlYWQiOjMwMDAwMDAwMDAwMCwidXBkYXRlIjozNjAwMDAwMDAwMDAwfSwic2NoZW1hX3ZlcnNpb24iOiIwIn0=",
          "dependencies": [
            "azurerm_resource_group.resource_group"
          ]
        }
      ]
    },
    {
      "mode": "managed",
      "type": "azurerm_application_insights",
      "name": "application_insights",
      "provider": "provider[\"registry.terraform.io/hashicorp/azurerm\"]",
      "instances": [
        {
          "schema_version": 0,
          "attributes": {
            "app_id": "6795846d-7ff2-4f75-8193-4382b35340ed",
            "application_type": "web",
            "connection_string": "InstrumentationKey=8676108b-68b4-49a9-b6c5-5243bc906a52;IngestionEndpoint=https://eastus-1.in.applicationinsights.azure.com/",
            "daily_data_cap_in_gb": 100,
            "daily_data_cap_notifications_disabled": false,
            "disable_ip_masking": false,
            "id": "/subscriptions/79e6e754-9edc-490d-a309-b65afe3fefa1/resourceGroups/woodruff-dev-resource-group/providers/microsoft.insights/components/woodruff-dev-application-insights",
            "instrumentation_key": "8676108b-68b4-49a9-b6c5-5243bc906a52",
            "local_authentication_disabled": false,
            "location": "eastus",
            "name": "woodruff-dev-application-insights",
            "resource_group_name": "woodruff-dev-resource-group",
            "retention_in_days": 90,
            "sampling_percentage": 100,
            "tags": {},
            "timeouts": {
              "create": null,
              "delete": null,
              "read": null,
              "update": null
            },
            "workspace_id": null
          },
          "sensitive_attributes": [],
          "private": "eyJlMmJmYjczMC1lY2FhLTExZTYtOGY4OC0zNDM2M2JjN2M0YzAiOnsiY3JlYXRlIjoxODAwMDAwMDAwMDAwLCJkZWxldGUiOjE4MDAwMDAwMDAwMDAsInJlYWQiOjMwMDAwMDAwMDAwMCwidXBkYXRlIjoxODAwMDAwMDAwMDAwfSwic2NoZW1hX3ZlcnNpb24iOiIwIn0=",
          "dependencies": [
            "azurerm_resource_group.resource_group"
          ]
        }
      ]
    },
    {
      "mode": "managed",
      "type": "azurerm_function_app",
      "name": "function_app",
      "provider": "provider[\"registry.terraform.io/hashicorp/azurerm\"]",
      "instances": [
        {
          "schema_version": 0,
          "attributes": {
            "app_service_plan_id": "/subscriptions/79e6e754-9edc-490d-a309-b65afe3fefa1/resourceGroups/woodruff-dev-resource-group/providers/Microsoft.Web/serverfarms/woodruff-dev-app-service-plan",
            "app_settings": {
              "WEBSITE_RUN_FROM_PACKAGE": "1"
            },
            "auth_settings": [
              {
                "active_directory": [],
                "additional_login_params": {},
                "allowed_external_redirect_urls": [],
                "default_provider": "",
                "enabled": false,
                "facebook": [],
                "google": [],
                "issuer": "",
                "microsoft": [],
                "runtime_version": "",
                "token_refresh_extension_hours": 0,
                "token_store_enabled": false,
                "twitter": [],
                "unauthenticated_client_action": ""
              }
            ],
            "client_affinity_enabled": false,
            "client_cert_mode": "",
            "connection_string": [],
            "custom_domain_verification_id": "FEC53FFF597077055F5966C8CC9795CEFF0B0BBD31F638A16EEDE41DBB0276E8",
            "daily_memory_time_quota": 0,
            "default_hostname": "woodruff-dev-function-app.azurewebsites.net",
            "enable_builtin_logging": true,
            "enabled": true,
            "https_only": false,
            "id": "/subscriptions/79e6e754-9edc-490d-a309-b65afe3fefa1/resourceGroups/woodruff-dev-resource-group/providers/Microsoft.Web/sites/woodruff-dev-function-app",
            "identity": [],
            "kind": "functionapp",
            "location": "eastus",
            "name": "woodruff-dev-function-app",
            "os_type": "",
            "outbound_ip_addresses": "20.81.73.97,20.81.73.101,20.81.73.29,20.81.73.128,20.81.73.131,20.81.73.132,20.49.104.53",
            "possible_outbound_ip_addresses": "20.81.73.97,20.81.73.101,20.81.73.29,20.81.73.128,20.81.73.131,20.81.73.132,20.81.73.121,20.81.73.136,20.81.73.142,20.81.73.155,20.81.73.161,20.81.73.113,20.81.73.162,20.81.72.215,20.81.73.167,20.81.73.176,20.81.73.184,20.81.72.101,20.81.72.212,20.81.73.2,20.81.73.3,20.81.73.72,20.81.73.73,20.81.73.106,20.81.73.107,20.81.73.127,20.81.73.134,20.81.73.135,20.81.73.164,20.81.73.165,20.49.104.53",
            "resource_group_name": "woodruff-dev-resource-group",
            "site_config": [
              {
                "always_on": false,
                "app_scale_limit": 200,
                "auto_swap_slot_name": "",
                "cors": [],
                "dotnet_framework_version": "v4.0",
                "elastic_instance_minimum": 0,
                "ftps_state": "AllAllowed",
                "health_check_path": "",
                "http2_enabled": false,
                "ip_restriction": [],
                "java_version": "",
                "linux_fx_version": "",
                "min_tls_version": "1.2",
                "pre_warmed_instance_count": 0,
                "runtime_scale_monitoring_enabled": false,
                "scm_ip_restriction": [],
                "scm_type": "None",
                "scm_use_main_ip_restriction": false,
                "use_32_bit_worker_process": true,
                "vnet_route_all_enabled": false,
                "websockets_enabled": false
              }
            ],
            "site_credential": [
              {
                "password": "Lo4sNJTijmMrh1BTb20gzgJhialxAMAfrSlNu6YubkqRNgrimWhwGZc6dM0t",
                "username": "$woodruff-dev-function-app"
              }
            ],
            "source_control": [
              {
                "branch": "master",
                "manual_integration": false,
                "repo_url": "",
                "rollback_enabled": false,
                "use_mercurial": false
              }
            ],
            "storage_account_access_key": "mCRu8AVfWEjibLr/5Z20uDD7WMJL1ag7J2uawJk5Sm7YTLIeEKOzZQ/XdN6yVLSJVJsrWr5jOrf+mXne/yMKxw==",
            "storage_account_name": "woodruffdevstorage",
            "storage_connection_string": "DefaultEndpointsProtocol=https;AccountName=woodruffdevstorage;AccountKey=mCRu8AVfWEjibLr/5Z20uDD7WMJL1ag7J2uawJk5Sm7YTLIeEKOzZQ/XdN6yVLSJVJsrWr5jOrf+mXne/yMKxw==;EndpointSuffix=core.windows.net",
            "tags": {},
            "timeouts": {
              "create": null,
              "delete": null,
              "read": null,
              "update": null
            },
            "version": "~3"
          },
          "sensitive_attributes": [],
          "private": "eyJlMmJmYjczMC1lY2FhLTExZTYtOGY4OC0zNDM2M2JjN2M0YzAiOnsiY3JlYXRlIjoxODAwMDAwMDAwMDAwLCJkZWxldGUiOjE4MDAwMDAwMDAwMDAsInJlYWQiOjMwMDAwMDAwMDAwMCwidXBkYXRlIjoxODAwMDAwMDAwMDAwfSwic2NoZW1hX3ZlcnNpb24iOiIwIn0="
        }
      ]
    },
    {
      "mode": "managed",
      "type": "azurerm_resource_group",
      "name": "resource_group",
      "provider": "provider[\"registry.terraform.io/hashicorp/azurerm\"]",
      "instances": [
        {
          "schema_version": 0,
          "attributes": {
            "id": "/subscriptions/79e6e754-9edc-490d-a309-b65afe3fefa1/resourceGroups/woodruff-dev-resource-group",
            "location": "eastus",
            "name": "woodruff-dev-resource-group",
            "tags": {},
            "timeouts": {
              "create": null,
              "delete": null,
              "read": null,
              "update": null
            }
          },
          "sensitive_attributes": [],
          "private": "eyJlMmJmYjczMC1lY2FhLTExZTYtOGY4OC0zNDM2M2JjN2M0YzAiOnsiY3JlYXRlIjo1NDAwMDAwMDAwMDAwLCJkZWxldGUiOjU0MDAwMDAwMDAwMDAsInJlYWQiOjMwMDAwMDAwMDAwMCwidXBkYXRlIjo1NDAwMDAwMDAwMDAwfSwic2NoZW1hX3ZlcnNpb24iOiIwIn0="
        }
      ]
    },
    {
      "mode": "managed",
      "type": "azurerm_storage_account",
      "name": "storage_account",
      "provider": "provider[\"registry.terraform.io/hashicorp/azurerm\"]",
      "instances": [
        {
          "schema_version": 2,
          "attributes": {
            "access_tier": "Hot",
            "account_kind": "StorageV2",
            "account_replication_type": "LRS",
            "account_tier": "Standard",
            "allow_blob_public_access": false,
            "azure_files_authentication": [],
            "blob_properties": [
              {
                "change_feed_enabled": false,
                "container_delete_retention_policy": [],
                "cors_rule": [],
                "default_service_version": "",
                "delete_retention_policy": [],
                "last_access_time_enabled": false,
                "versioning_enabled": false
              }
            ],
            "custom_domain": [],
            "enable_https_traffic_only": true,
            "id": "/subscriptions/79e6e754-9edc-490d-a309-b65afe3fefa1/resourceGroups/woodruff-dev-resource-group/providers/Microsoft.Storage/storageAccounts/woodruffdevstorage",
            "identity": [],
            "is_hns_enabled": false,
            "large_file_share_enabled": null,
            "location": "eastus",
            "min_tls_version": "TLS1_0",
            "name": "woodruffdevstorage",
            "network_rules": [
              {
                "bypass": [
                  "AzureServices"
                ],
                "default_action": "Allow",
                "ip_rules": [],
                "private_link_access": [],
                "virtual_network_subnet_ids": []
              }
            ],
            "nfsv3_enabled": false,
            "primary_access_key": "mCRu8AVfWEjibLr/5Z20uDD7WMJL1ag7J2uawJk5Sm7YTLIeEKOzZQ/XdN6yVLSJVJsrWr5jOrf+mXne/yMKxw==",
            "primary_blob_connection_string": "DefaultEndpointsProtocol=https;BlobEndpoint=https://woodruffdevstorage.blob.core.windows.net/;AccountName=woodruffdevstorage;AccountKey=mCRu8AVfWEjibLr/5Z20uDD7WMJL1ag7J2uawJk5Sm7YTLIeEKOzZQ/XdN6yVLSJVJsrWr5jOrf+mXne/yMKxw==",
            "primary_blob_endpoint": "https://woodruffdevstorage.blob.core.windows.net/",
            "primary_blob_host": "woodruffdevstorage.blob.core.windows.net",
            "primary_connection_string": "DefaultEndpointsProtocol=https;AccountName=woodruffdevstorage;AccountKey=mCRu8AVfWEjibLr/5Z20uDD7WMJL1ag7J2uawJk5Sm7YTLIeEKOzZQ/XdN6yVLSJVJsrWr5jOrf+mXne/yMKxw==;EndpointSuffix=core.windows.net",
            "primary_dfs_endpoint": "https://woodruffdevstorage.dfs.core.windows.net/",
            "primary_dfs_host": "woodruffdevstorage.dfs.core.windows.net",
            "primary_file_endpoint": "https://woodruffdevstorage.file.core.windows.net/",
            "primary_file_host": "woodruffdevstorage.file.core.windows.net",
            "primary_location": "eastus",
            "primary_queue_endpoint": "https://woodruffdevstorage.queue.core.windows.net/",
            "primary_queue_host": "woodruffdevstorage.queue.core.windows.net",
            "primary_table_endpoint": "https://woodruffdevstorage.table.core.windows.net/",
            "primary_table_host": "woodruffdevstorage.table.core.windows.net",
            "primary_web_endpoint": "https://woodruffdevstorage.z13.web.core.windows.net/",
            "primary_web_host": "woodruffdevstorage.z13.web.core.windows.net",
            "queue_properties": [
              {
                "cors_rule": [],
                "hour_metrics": [
                  {
                    "enabled": true,
                    "include_apis": true,
                    "retention_policy_days": 7,
                    "version": "1.0"
                  }
                ],
                "logging": [
                  {
                    "delete": false,
                    "read": false,
                    "retention_policy_days": 0,
                    "version": "1.0",
                    "write": false
                  }
                ],
                "minute_metrics": [
                  {
                    "enabled": false,
                    "include_apis": false,
                    "retention_policy_days": 0,
                    "version": "1.0"
                  }
                ]
              }
            ],
            "resource_group_name": "woodruff-dev-resource-group",
            "routing": [],
            "secondary_access_key": "rStWxdOOoR06DbNezcBR1f4oNYkTEsdax1y2th3SHtfkfqCIVpDXmgpcLq+p7OjjsUjlcbvsc8Ah7BbdynKV7g==",
            "secondary_blob_connection_string": "",
            "secondary_blob_endpoint": null,
            "secondary_blob_host": null,
            "secondary_connection_string": "DefaultEndpointsProtocol=https;AccountName=woodruffdevstorage;AccountKey=rStWxdOOoR06DbNezcBR1f4oNYkTEsdax1y2th3SHtfkfqCIVpDXmgpcLq+p7OjjsUjlcbvsc8Ah7BbdynKV7g==;EndpointSuffix=core.windows.net",
            "secondary_dfs_endpoint": null,
            "secondary_dfs_host": null,
            "secondary_file_endpoint": null,
            "secondary_file_host": null,
            "secondary_location": "",
            "secondary_queue_endpoint": null,
            "secondary_queue_host": null,
            "secondary_table_endpoint": null,
            "secondary_table_host": null,
            "secondary_web_endpoint": null,
            "secondary_web_host": null,
            "share_properties": [
              {
                "cors_rule": [],
                "retention_policy": [
                  {
                    "days": 7
                  }
                ],
                "smb": []
              }
            ],
            "shared_access_key_enabled": true,
            "static_website": [],
            "tags": {},
            "timeouts": {
              "create": null,
              "delete": null,
              "read": null,
              "update": null
            }
          },
          "sensitive_attributes": [],
          "private": "eyJlMmJmYjczMC1lY2FhLTExZTYtOGY4OC0zNDM2M2JjN2M0YzAiOnsiY3JlYXRlIjozNjAwMDAwMDAwMDAwLCJkZWxldGUiOjM2MDAwMDAwMDAwMDAsInJlYWQiOjMwMDAwMDAwMDAwMCwidXBkYXRlIjozNjAwMDAwMDAwMDAwfSwic2NoZW1hX3ZlcnNpb24iOiIyIn0=",
          "dependencies": [
            "azurerm_resource_group.resource_group"
          ]
        }
      ]
    }
  ]
}
